{
  "name": "soal_matematika",
  "lockfileVersion": 3,
  "requires": true,
  "packages": {
    "": {
      "dependencies": {
        "guided": "file:../persamaan"
      }
    },
    "../persamaan": {
      "name": "guided",
      "version": "1.0.0",
      "license": "ISC"
    },
    "node_modules/guided": {
      "resolved": "../persamaan",
      "link": true
    }
  }
}
